
Microsoft Visual Studio Solution File, Format Version 12.00
# Visual Studio 15
VisualStudioVersion = 15.0.28307.421
MinimumVisualStudioVersion = 10.0.40219.1
Project("{2150E333-8FDC-42A3-9474-1A3956D46DE8}") = "Model", "Model", "{EF9380E8-81DC-4C6C-A03C-FEC52C4F47A8}"
EndProject
Project("{2150E333-8FDC-42A3-9474-1A3956D46DE8}") = "DAL", "DAL", "{C12E9268-16B0-4CCC-9B78-1A2DAE314935}"
EndProject
Project("{2150E333-8FDC-42A3-9474-1A3956D46DE8}") = "BLL", "BLL", "{7BE39476-DCE1-422F-87BE-D06F768F326B}"
EndProject
Project("{2150E333-8FDC-42A3-9474-1A3956D46DE8}") = "UI", "UI", "{8DC02F74-3D0E-4DF6-AD7E-A22B321DE20C}"
EndProject
Project("{FAE04EC0-301F-11D3-BF4B-00C04F79EFBC}") = "BootstrapMvc", "BootstrapMvc\BootstrapMvc.csproj", "{CCC36F2D-DE52-4D9A-A3EA-023D69A09FED}"
EndProject
Project("{FAE04EC0-301F-11D3-BF4B-00C04F79EFBC}") = "IBLL", "IBLL\IBLL.csproj", "{FEEA33E6-A9CB-46B5-8E08-65FF1791C088}"
EndProject
Project("{FAE04EC0-301F-11D3-BF4B-00C04F79EFBC}") = "BLL", "BLL\BLL.csproj", "{DA40F373-7352-4CA6-A266-0A6B99339F77}"
EndProject
Project("{FAE04EC0-301F-11D3-BF4B-00C04F79EFBC}") = "BLLContainer", "BLLContainer\BLLContainer.csproj", "{589E84FE-E643-4135-A926-DC6CEB94A151}"
EndProject
Project("{FAE04EC0-301F-11D3-BF4B-00C04F79EFBC}") = "IDAL", "IDAL\IDAL.csproj", "{05D07D6F-4008-4C79-9BCF-077892531E13}"
EndProject
Project("{FAE04EC0-301F-11D3-BF4B-00C04F79EFBC}") = "DAL", "DAL\DAL.csproj", "{8BB8A817-947B-48AA-86EF-10D509646413}"
EndProject
Project("{FAE04EC0-301F-11D3-BF4B-00C04F79EFBC}") = "DALContainer", "DALContainer\DALContainer.csproj", "{84F02DB4-C30A-4C7F-B707-9D9E8C315D68}"
EndProject
Project("{FAE04EC0-301F-11D3-BF4B-00C04F79EFBC}") = "Model", "Model\Model.csproj", "{979C0494-3B9C-47CB-BF0B-C0DA2EDB1D38}"
EndProject
Global
	GlobalSection(SolutionConfigurationPlatforms) = preSolution
		Debug|Any CPU = Debug|Any CPU
		Release|Any CPU = Release|Any CPU
	EndGlobalSection
	GlobalSection(ProjectConfigurationPlatforms) = postSolution
		{CCC36F2D-DE52-4D9A-A3EA-023D69A09FED}.Debug|Any CPU.ActiveCfg = Debug|Any CPU
		{CCC36F2D-DE52-4D9A-A3EA-023D69A09FED}.Debug|Any CPU.Build.0 = Debug|Any CPU
		{CCC36F2D-DE52-4D9A-A3EA-023D69A09FED}.Release|Any CPU.ActiveCfg = Release|Any CPU
		{CCC36F2D-DE52-4D9A-A3EA-023D69A09FED}.Release|Any CPU.Build.0 = Release|Any CPU
		{FEEA33E6-A9CB-46B5-8E08-65FF1791C088}.Debug|Any CPU.ActiveCfg = Debug|Any CPU
		{FEEA33E6-A9CB-46B5-8E08-65FF1791C088}.Debug|Any CPU.Build.0 = Debug|Any CPU
		{FEEA33E6-A9CB-46B5-8E08-65FF1791C088}.Release|Any CPU.ActiveCfg = Release|Any CPU
		{FEEA33E6-A9CB-46B5-8E08-65FF1791C088}.Release|Any CPU.Build.0 = Release|Any CPU
		{DA40F373-7352-4CA6-A266-0A6B99339F77}.Debug|Any CPU.ActiveCfg = Debug|Any CPU
		{DA40F373-7352-4CA6-A266-0A6B99339F77}.Debug|Any CPU.Build.0 = Debug|Any CPU
		{DA40F373-7352-4CA6-A266-0A6B99339F77}.Release|Any CPU.ActiveCfg = Release|Any CPU
		{DA40F373-7352-4CA6-A266-0A6B99339F77}.Release|Any CPU.Build.0 = Release|Any CPU
		{589E84FE-E643-4135-A926-DC6CEB94A151}.Debug|Any CPU.ActiveCfg = Debug|Any CPU
		{589E84FE-E643-4135-A926-DC6CEB94A151}.Debug|Any CPU.Build.0 = Debug|Any CPU
		{589E84FE-E643-4135-A926-DC6CEB94A151}.Release|Any CPU.ActiveCfg = Release|Any CPU
		{589E84FE-E643-4135-A926-DC6CEB94A151}.Release|Any CPU.Build.0 = Release|Any CPU
		{05D07D6F-4008-4C79-9BCF-077892531E13}.Debug|Any CPU.ActiveCfg = Debug|Any CPU
		{05D07D6F-4008-4C79-9BCF-077892531E13}.Debug|Any CPU.Build.0 = Debug|Any CPU
		{05D07D6F-4008-4C79-9BCF-077892531E13}.Release|Any CPU.ActiveCfg = Release|Any CPU
		{05D07D6F-4008-4C79-9BCF-077892531E13}.Release|Any CPU.Build.0 = Release|Any CPU
		{8BB8A817-947B-48AA-86EF-10D509646413}.Debug|Any CPU.ActiveCfg = Debug|Any CPU
		{8BB8A817-947B-48AA-86EF-10D509646413}.Debug|Any CPU.Build.0 = Debug|Any CPU
		{8BB8A817-947B-48AA-86EF-10D509646413}.Release|Any CPU.ActiveCfg = Release|Any CPU
		{8BB8A817-947B-48AA-86EF-10D509646413}.Release|Any CPU.Build.0 = Release|Any CPU
		{84F02DB4-C30A-4C7F-B707-9D9E8C315D68}.Debug|Any CPU.ActiveCfg = Debug|Any CPU
		{84F02DB4-C30A-4C7F-B707-9D9E8C315D68}.Debug|Any CPU.Build.0 = Debug|Any CPU
		{84F02DB4-C30A-4C7F-B707-9D9E8C315D68}.Release|Any CPU.ActiveCfg = Release|Any CPU
		{84F02DB4-C30A-4C7F-B707-9D9E8C315D68}.Release|Any CPU.Build.0 = Release|Any CPU
		{979C0494-3B9C-47CB-BF0B-C0DA2EDB1D38}.Debug|Any CPU.ActiveCfg = Debug|Any CPU
		{979C0494-3B9C-47CB-BF0B-C0DA2EDB1D38}.Debug|Any CPU.Build.0 = Debug|Any CPU
		{979C0494-3B9C-47CB-BF0B-C0DA2EDB1D38}.Release|Any CPU.ActiveCfg = Release|Any CPU
		{979C0494-3B9C-47CB-BF0B-C0DA2EDB1D38}.Release|Any CPU.Build.0 = Release|Any CPU
	EndGlobalSection
	GlobalSection(SolutionProperties) = preSolution
		HideSolutionNode = FALSE
	EndGlobalSection
	GlobalSection(NestedProjects) = preSolution
		{CCC36F2D-DE52-4D9A-A3EA-023D69A09FED} = {8DC02F74-3D0E-4DF6-AD7E-A22B321DE20C}
		{FEEA33E6-A9CB-46B5-8E08-65FF1791C088} = {7BE39476-DCE1-422F-87BE-D06F768F326B}
		{DA40F373-7352-4CA6-A266-0A6B99339F77} = {7BE39476-DCE1-422F-87BE-D06F768F326B}
		{589E84FE-E643-4135-A926-DC6CEB94A151} = {7BE39476-DCE1-422F-87BE-D06F768F326B}
		{05D07D6F-4008-4C79-9BCF-077892531E13} = {C12E9268-16B0-4CCC-9B78-1A2DAE314935}
		{8BB8A817-947B-48AA-86EF-10D509646413} = {C12E9268-16B0-4CCC-9B78-1A2DAE314935}
		{84F02DB4-C30A-4C7F-B707-9D9E8C315D68} = {C12E9268-16B0-4CCC-9B78-1A2DAE314935}
		{979C0494-3B9C-47CB-BF0B-C0DA2EDB1D38} = {EF9380E8-81DC-4C6C-A03C-FEC52C4F47A8}
	EndGlobalSection
	GlobalSection(ExtensibilityGlobals) = postSolution
		SolutionGuid = {A0DC35ED-19F4-47FA-A06D-3BEB48FF00DE}
	EndGlobalSection
EndGlobal
